
Microsoft Visual Studio Solution File, Format Version 12.00
# Visual Studio Version 17
VisualStudioVersion = 17.5.33516.290
MinimumVisualStudioVersion = 10.0.40219.1
Project("{FAE04EC0-301F-11D3-BF4B-00C04F79EFBC}") = "Labr1", "Labr1.csproj", "{BEA1962F-4F75-494B-A59B-2DA919B0AE18}"
EndProject
Global
	GlobalSection(SolutionConfigurationPlatforms) = preSolution
		Debug|Any CPU = Debug|Any CPU
		Release|Any CPU = Release|Any CPU
	EndGlobalSection
	GlobalSection(ProjectConfigurationPlatforms) = postSolution
		{BEA1962F-4F75-494B-A59B-2DA919B0AE18}.Debug|Any CPU.ActiveCfg = Debug|Any CPU
		{BEA1962F-4F75-494B-A59B-2DA919B0AE18}.Debug|Any CPU.Build.0 = Debug|Any CPU
		{BEA1962F-4F75-494B-A59B-2DA919B0AE18}.Release|Any CPU.ActiveCfg = Release|Any CPU
		{BEA1962F-4F75-494B-A59B-2DA919B0AE18}.Release|Any CPU.Build.0 = Release|Any CPU
	EndGlobalSection
	GlobalSection(SolutionProperties) = preSolution
		HideSolutionNode = FALSE
	EndGlobalSection
	GlobalSection(ExtensibilityGlobals) = postSolution
		SolutionGuid = {04592A15-F982-435F-AE6E-CCA7F2CDCD69}
	EndGlobalSection
EndGlobal
